<?xml version="1.0" encoding="utf-8"?>
<Project ToolsVersion="4.0" xmlns="http://schemas.microsoft.com/developer/msbuild/2003">
  <ItemGroup>
    <Filter Include="Arquivos de Origem">
      <UniqueIdentifier>{4FC737F1-C7A5-4376-A066-2A32D752A2FF}</UniqueIdentifier>
      <Extensions>cpp;c;cc;cxx;c++;cppm;ixx;def;odl;idl;hpj;bat;asm;asmx</Extensions>
    </Filter>
    <Filter Include="Arquivos de Cabeçalho">
      <UniqueIdentifier>{93995380-89BD-4b04-88EB-625FBE52EBFB}</UniqueIdentifier>
      <Extensions>h;hh;hpp;hxx;h++;hm;inl;inc;ipp;xsd</Extensions>
    </Filter>
    <Filter Include="Arquivos de Cabeçalho\AFDs">
      <UniqueIdentifier>{e10838fa-fd27-458e-81c8-383f1efc1c0d}</UniqueIdentifier>
    </Filter>
    <Filter Include="Arquivos de Origem\AFDs">
      <UniqueIdentifier>{c03afd60-f1ea-4bbc-80f1-9d005f3fbd45}</UniqueIdentifier>
    </Filter>
  </ItemGroup>
  <ItemGroup>
    <ClCompile Include="Jokey.cpp">
      <Filter>Arquivos de Origem</Filter>
    </ClCompile>
    <ClCompile Include="Automato.cpp">
      <Filter>Arquivos de Origem\AFDs</Filter>
    </ClCompile>
    <ClCompile Include="Identificator.cpp">
      <Filter>Arquivos de Origem\AFDs</Filter>
    </ClCompile>
    <ClCompile Include="LiteralString.cpp">
      <Filter>Arquivos de Origem\AFDs</Filter>
    </ClCompile>
    <ClCompile Include="Integer.cpp">
      <Filter>Arquivos de Origem\AFDs</Filter>
    </ClCompile>
    <ClCompile Include="FloatingPoint.cpp">
      <Filter>Arquivos de Origem\AFDs</Filter>
    </ClCompile>
    <ClCompile Include="ReservedWords.cpp">
      <Filter>Arquivos de Origem\AFDs</Filter>
    </ClCompile>
    <ClCompile Include="Operator.cpp">
      <Filter>Arquivos de Origem\AFDs</Filter>
    </ClCompile>
    <ClCompile Include="Boolean.cpp">
      <Filter>Arquivos de Origem\AFDs</Filter>
    </ClCompile>
    <ClCompile Include="Comments.cpp">
      <Filter>Arquivos de Origem\AFDs</Filter>
    </ClCompile>
    <ClCompile Include="Lexer.cpp">
      <Filter>Arquivos de Origem</Filter>
    </ClCompile>
    <ClCompile Include="Global_AFD.cpp">
      <Filter>Arquivos de Origem</Filter>
    </ClCompile>
    <ClCompile Include="Token.cpp">
      <Filter>Arquivos de Origem</Filter>
    </ClCompile>
    <ClCompile Include="Parser.cpp">
      <Filter>Arquivos de Origem</Filter>
    </ClCompile>
  </ItemGroup>
  <ItemGroup>
    <ClInclude Include="Automato.h">
      <Filter>Arquivos de Cabeçalho\AFDs</Filter>
    </ClInclude>
    <ClInclude Include="Identificator.h">
      <Filter>Arquivos de Cabeçalho\AFDs</Filter>
    </ClInclude>
    <ClInclude Include="LiteralString.h">
      <Filter>Arquivos de Cabeçalho\AFDs</Filter>
    </ClInclude>
    <ClInclude Include="Integer.h">
      <Filter>Arquivos de Cabeçalho\AFDs</Filter>
    </ClInclude>
    <ClInclude Include="ReservedWords.h">
      <Filter>Arquivos de Cabeçalho\AFDs</Filter>
    </ClInclude>
    <ClInclude Include="FloatingPoint.h">
      <Filter>Arquivos de Cabeçalho\AFDs</Filter>
    </ClInclude>
    <ClInclude Include="Operator.h">
      <Filter>Arquivos de Cabeçalho\AFDs</Filter>
    </ClInclude>
    <ClInclude Include="Boolean.h">
      <Filter>Arquivos de Cabeçalho\AFDs</Filter>
    </ClInclude>
    <ClInclude Include="Comments.h">
      <Filter>Arquivos de Cabeçalho\AFDs</Filter>
    </ClInclude>
    <ClInclude Include="Lexer.h">
      <Filter>Arquivos de Cabeçalho</Filter>
    </ClInclude>
    <ClInclude Include="Global_AFD.h">
      <Filter>Arquivos de Cabeçalho</Filter>
    </ClInclude>
    <ClInclude Include="Token.h">
      <Filter>Arquivos de Cabeçalho</Filter>
    </ClInclude>
    <ClInclude Include="AST.h">
      <Filter>Arquivos de Cabeçalho</Filter>
    </ClInclude>
    <ClInclude Include="Parser.h">
      <Filter>Arquivos de Cabeçalho</Filter>
    </ClInclude>
  </ItemGroup>
  <ItemGroup>
    <Text Include="input.jk" />
  </ItemGroup>
  <ItemGroup>
    <None Include="README.md" />
  </ItemGroup>
</Project>